// !$*UTF8*$!
{
	archiveVersion = 1;
	classes = {
	};
	objectVersion = 46;
	objects = {

/* Begin PBXBuildFile section */
		831CA7CE17896BEE00DD2C93 /* Cocoa.framework in Frameworks */ = {isa = PBXBuildFile; fileRef = 831CA7CD17896BEE00DD2C93 /* Cocoa.framework */; };
		831CA7D817896BEE00DD2C93 /* InfoPlist.strings in Resources */ = {isa = PBXBuildFile; fileRef = 831CA7D617896BEE00DD2C93 /* InfoPlist.strings */; };
		831CA7DA17896BEE00DD2C93 /* main.m in Sources */ = {isa = PBXBuildFile; fileRef = 831CA7D917896BEE00DD2C93 /* main.m */; };
		831CA7DE17896BEE00DD2C93 /* Credits.rtf in Resources */ = {isa = PBXBuildFile; fileRef = 831CA7DC17896BEE00DD2C93 /* Credits.rtf */; };
		831CA7E117896BEE00DD2C93 /* JKDocument.m in Sources */ = {isa = PBXBuildFile; fileRef = 831CA7E017896BEE00DD2C93 /* JKDocument.m */; };
		831CA7E417896BEE00DD2C93 /* JKDocument.xib in Resources */ = {isa = PBXBuildFile; fileRef = 831CA7E217896BEE00DD2C93 /* JKDocument.xib */; };
		831CA7E717896BEE00DD2C93 /* MainMenu.xib in Resources */ = {isa = PBXBuildFile; fileRef = 831CA7E517896BEE00DD2C93 /* MainMenu.xib */; };
		831CA7EF17896BEE00DD2C93 /* SenTestingKit.framework in Frameworks */ = {isa = PBXBuildFile; fileRef = 831CA7EE17896BEE00DD2C93 /* SenTestingKit.framework */; };
		831CA7F017896BEE00DD2C93 /* Cocoa.framework in Frameworks */ = {isa = PBXBuildFile; fileRef = 831CA7CD17896BEE00DD2C93 /* Cocoa.framework */; };
		831CA7F817896BEE00DD2C93 /* InfoPlist.strings in Resources */ = {isa = PBXBuildFile; fileRef = 831CA7F617896BEE00DD2C93 /* InfoPlist.strings */; };
		831CA7FB17896BEE00DD2C93 /* TestSampleTests.m in Sources */ = {isa = PBXBuildFile; fileRef = 831CA7FA17896BEE00DD2C93 /* TestSampleTests.m */; };
/* End PBXBuildFile section */

/* Begin PBXContainerItemProxy section */
		831CA7F117896BEE00DD2C93 /* PBXContainerItemProxy */ = {
			isa = PBXContainerItemProxy;
			containerPortal = 831CA7C217896BEE00DD2C93 /* Project object */;
			proxyType = 1;
			remoteGlobalIDString = 831CA7C917896BEE00DD2C93;
			remoteInfo = TestSample;
		};
/* End PBXContainerItemProxy section */

/* Begin PBXFileReference section */
		831CA7CA17896BEE00DD2C93 /* TestSample.app */ = {isa = PBXFileReference; explicitFileType = wrapper.application; includeInIndex = 0; path = TestSample.app; sourceTree = BUILT_PRODUCTS_DIR; };
		831CA7CD17896BEE00DD2C93 /* Cocoa.framework */ = {isa = PBXFileReference; lastKnownFileType = wrapper.framework; name = Cocoa.framework; path = System/Library/Frameworks/Cocoa.framework; sourceTree = SDKROOT; };
		831CA7D017896BEE00DD2C93 /* AppKit.framework */ = {isa = PBXFileReference; lastKnownFileType = wrapper.framework; name = AppKit.framework; path = System/Library/Frameworks/AppKit.framework; sourceTree = SDKROOT; };
		831CA7D117896BEE00DD2C93 /* CoreData.framework */ = {isa = PBXFileReference; lastKnownFileType = wrapper.framework; name = CoreData.framework; path = System/Library/Frameworks/CoreData.framework; sourceTree = SDKROOT; };
		831CA7D217896BEE00DD2C93 /* Foundation.framework */ = {isa = PBXFileReference; lastKnownFileType = wrapper.framework; name = Foundation.framework; path = System/Library/Frameworks/Foundation.framework; sourceTree = SDKROOT; };
		831CA7D517896BEE00DD2C93 /* TestSample-Info.plist */ = {isa = PBXFileReference; lastKnownFileType = text.plist.xml; path = "TestSample-Info.plist"; sourceTree = "<group>"; };
		831CA7D717896BEE00DD2C93 /* en */ = {isa = PBXFileReference; lastKnownFileType = text.plist.strings; name = en; path = en.lproj/InfoPlist.strings; sourceTree = "<group>"; };
		831CA7D917896BEE00DD2C93 /* main.m */ = {isa = PBXFileReference; lastKnownFileType = sourcecode.c.objc; path = main.m; sourceTree = "<group>"; };
		831CA7DB17896BEE00DD2C93 /* TestSample-Prefix.pch */ = {isa = PBXFileReference; lastKnownFileType = sourcecode.c.h; path = "TestSample-Prefix.pch"; sourceTree = "<group>"; };
		831CA7DD17896BEE00DD2C93 /* en */ = {isa = PBXFileReference; lastKnownFileType = text.rtf; name = en; path = en.lproj/Credits.rtf; sourceTree = "<group>"; };
		831CA7DF17896BEE00DD2C93 /* JKDocument.h */ = {isa = PBXFileReference; lastKnownFileType = sourcecode.c.h; path = JKDocument.h; sourceTree = "<group>"; };
		831CA7E017896BEE00DD2C93 /* JKDocument.m */ = {isa = PBXFileReference; lastKnownFileType = sourcecode.c.objc; path = JKDocument.m; sourceTree = "<group>"; };
		831CA7E317896BEE00DD2C93 /* en */ = {isa = PBXFileReference; lastKnownFileType = file.xib; name = en; path = en.lproj/JKDocument.xib; sourceTree = "<group>"; };
		831CA7E617896BEE00DD2C93 /* en */ = {isa = PBXFileReference; lastKnownFileType = file.xib; name = en; path = en.lproj/MainMenu.xib; sourceTree = "<group>"; };
		831CA7ED17896BEE00DD2C93 /* TestSampleTests.octest */ = {isa = PBXFileReference; explicitFileType = wrapper.cfbundle; includeInIndex = 0; path = TestSampleTests.octest; sourceTree = BUILT_PRODUCTS_DIR; };
		831CA7EE17896BEE00DD2C93 /* SenTestingKit.framework */ = {isa = PBXFileReference; lastKnownFileType = wrapper.framework; name = SenTestingKit.framework; path = Library/Frameworks/SenTestingKit.framework; sourceTree = DEVELOPER_DIR; };
		831CA7F517896BEE00DD2C93 /* TestSampleTests-Info.plist */ = {isa = PBXFileReference; lastKnownFileType = text.plist.xml; path = "TestSampleTests-Info.plist"; sourceTree = "<group>"; };
		831CA7F717896BEE00DD2C93 /* en */ = {isa = PBXFileReference; lastKnownFileType = text.plist.strings; name = en; path = en.lproj/InfoPlist.strings; sourceTree = "<group>"; };
		831CA7F917896BEE00DD2C93 /* TestSampleTests.h */ = {isa = PBXFileReference; lastKnownFileType = sourcecode.c.h; path = TestSampleTests.h; sourceTree = "<group>"; };
		831CA7FA17896BEE00DD2C93 /* TestSampleTests.m */ = {isa = PBXFileReference; lastKnownFileType = sourcecode.c.objc; path = TestSampleTests.m; sourceTree = "<group>"; };
/* End PBXFileReference section */

/* Begin PBXFrameworksBuildPhase section */
		831CA7C717896BEE00DD2C93 /* Frameworks */ = {
			isa = PBXFrameworksBuildPhase;
			buildActionMask = 2147483647;
			files = (
				831CA7CE17896BEE00DD2C93 /* Cocoa.framework in Frameworks */,
			);
			runOnlyForDeploymentPostprocessing = 0;
		};
		831CA7E917896BEE00DD2C93 /* Frameworks */ = {
			isa = PBXFrameworksBuildPhase;
			buildActionMask = 2147483647;
			files = (
				831CA7EF17896BEE00DD2C93 /* SenTestingKit.framework in Frameworks */,
				831CA7F017896BEE00DD2C93 /* Cocoa.framework in Frameworks */,
			);
			runOnlyForDeploymentPostprocessing = 0;
		};
/* End PBXFrameworksBuildPhase section */

/* Begin PBXGroup section */
		831CA7C117896BEE00DD2C93 = {
			isa = PBXGroup;
			children = (
				831CA7D317896BEE00DD2C93 /* TestSample */,
				831CA7F317896BEE00DD2C93 /* TestSampleTests */,
				831CA7CC17896BEE00DD2C93 /* Frameworks */,
				831CA7CB17896BEE00DD2C93 /* Products */,
			);
			sourceTree = "<group>";
		};
		831CA7CB17896BEE00DD2C93 /* Products */ = {
			isa = PBXGroup;
			children = (
				831CA7CA17896BEE00DD2C93 /* TestSample.app */,
				831CA7ED17896BEE00DD2C93 /* TestSampleTests.octest */,
			);
			name = Products;
			sourceTree = "<group>";
		};
		831CA7CC17896BEE00DD2C93 /* Frameworks */ = {
			isa = PBXGroup;
			children = (
				831CA7CD17896BEE00DD2C93 /* Cocoa.framework */,
				831CA7EE17896BEE00DD2C93 /* SenTestingKit.framework */,
				831CA7CF17896BEE00DD2C93 /* Other Frameworks */,
			);
			name = Frameworks;
			sourceTree = "<group>";
		};
		831CA7CF17896BEE00DD2C93 /* Other Frameworks */ = {
			isa = PBXGroup;
			children = (
				831CA7D017896BEE00DD2C93 /* AppKit.framework */,
				831CA7D117896BEE00DD2C93 /* CoreData.framework */,
				831CA7D217896BEE00DD2C93 /* Foundation.framework */,
			);
			name = "Other Frameworks";
			sourceTree = "<group>";
		};
		831CA7D317896BEE00DD2C93 /* TestSample */ = {
			isa = PBXGroup;
			children = (
				831CA7DF17896BEE00DD2C93 /* JKDocument.h */,
				831CA7E017896BEE00DD2C93 /* JKDocument.m */,
				831CA7E217896BEE00DD2C93 /* JKDocument.xib */,
				831CA7E517896BEE00DD2C93 /* MainMenu.xib */,
				831CA7D417896BEE00DD2C93 /* Supporting Files */,
			);
			path = TestSample;
			sourceTree = "<group>";
		};
		831CA7D417896BEE00DD2C93 /* Supporting Files */ = {
			isa = PBXGroup;
			children = (
				831CA7D517896BEE00DD2C93 /* TestSample-Info.plist */,
				831CA7D617896BEE00DD2C93 /* InfoPlist.strings */,
				831CA7D917896BEE00DD2C93 /* main.m */,
				831CA7DB17896BEE00DD2C93 /* TestSample-Prefix.pch */,
				831CA7DC17896BEE00DD2C93 /* Credits.rtf */,
			);
			name = "Supporting Files";
			sourceTree = "<group>";
		};
		831CA7F317896BEE00DD2C93 /* TestSampleTests */ = {
			isa = PBXGroup;
			children = (
				831CA7F917896BEE00DD2C93 /* TestSampleTests.h */,
				831CA7FA17896BEE00DD2C93 /* TestSampleTests.m */,
				831CA7F417896BEE00DD2C93 /* Supporting Files */,
			);
			path = TestSampleTests;
			sourceTree = "<group>";
		};
		831CA7F417896BEE00DD2C93 /* Supporting Files */ = {
			isa = PBXGroup;
			children = (
				831CA7F517896BEE00DD2C93 /* TestSampleTests-Info.plist */,
				831CA7F617896BEE00DD2C93 /* InfoPlist.strings */,
			);
			name = "Supporting Files";
			sourceTree = "<group>";
		};
/* End PBXGroup section */

/* Begin PBXNativeTarget section */
		831CA7C917896BEE00DD2C93 /* TestSample */ = {
			isa = PBXNativeTarget;
			buildConfigurationList = 831CA7FE17896BEE00DD2C93 /* Build configuration list for PBXNativeTarget "TestSample" */;
			buildPhases = (
				831CA7C617896BEE00DD2C93 /* Sources */,
				831CA7C717896BEE00DD2C93 /* Frameworks */,
				831CA7C817896BEE00DD2C93 /* Resources */,
			);
			buildRules = (
			);
			dependencies = (
			);
			name = TestSample;
			productName = TestSample;
			productReference = 831CA7CA17896BEE00DD2C93 /* TestSample.app */;
			productType = "com.apple.product-type.application";
		};
		831CA7EC17896BEE00DD2C93 /* TestSampleTests */ = {
			isa = PBXNativeTarget;
			buildConfigurationList = 831CA80117896BEE00DD2C93 /* Build configuration list for PBXNativeTarget "TestSampleTests" */;
			buildPhases = (
				831CA7E817896BEE00DD2C93 /* Sources */,
				831CA7E917896BEE00DD2C93 /* Frameworks */,
				831CA7EA17896BEE00DD2C93 /* Resources */,
				831CA7EB17896BEE00DD2C93 /* ShellScript */,
			);
			buildRules = (
			);
			dependencies = (
				831CA7F217896BEE00DD2C93 /* PBXTargetDependency */,
			);
			name = TestSampleTests;
			productName = TestSampleTests;
			productReference = 831CA7ED17896BEE00DD2C93 /* TestSampleTests.octest */;
			productType = "com.apple.product-type.bundle";
		};
/* End PBXNativeTarget section */

/* Begin PBXProject section */
		831CA7C217896BEE00DD2C93 /* Project object */ = {
			isa = PBXProject;
			attributes = {
				CLASSPREFIX = JK;
				LastUpgradeCheck = 0460;
				ORGANIZATIONNAME = AlmindTest;
			};
			buildConfigurationList = 831CA7C517896BEE00DD2C93 /* Build configuration list for PBXProject "TestSample" */;
			compatibilityVersion = "Xcode 3.2";
			developmentRegion = English;
			hasScannedForEncodings = 0;
			knownRegions = (
				en,
			);
			mainGroup = 831CA7C117896BEE00DD2C93;
			productRefGroup = 831CA7CB17896BEE00DD2C93 /* Products */;
			projectDirPath = "";
			projectRoot = "";
			targets = (
				831CA7C917896BEE00DD2C93 /* TestSample */,
				831CA7EC17896BEE00DD2C93 /* TestSampleTests */,
			);
		};
/* End PBXProject section */

/* Begin PBXResourcesBuildPhase section */
		831CA7C817896BEE00DD2C93 /* Resources */ = {
			isa = PBXResourcesBuildPhase;
			buildActionMask = 2147483647;
			files = (
				831CA7D817896BEE00DD2C93 /* InfoPlist.strings in Resources */,
				831CA7DE17896BEE00DD2C93 /* Credits.rtf in Resources */,
				831CA7E417896BEE00DD2C93 /* JKDocument.xib in Resources */,
				831CA7E717896BEE00DD2C93 /* MainMenu.xib in Resources */,
			);
			runOnlyForDeploymentPostprocessing = 0;
		};
		831CA7EA17896BEE00DD2C93 /* Resources */ = {
			isa = PBXResourcesBuildPhase;
			buildActionMask = 2147483647;
			files = (
				831CA7F817896BEE00DD2C93 /* InfoPlist.strings in Resources */,
			);
			runOnlyForDeploymentPostprocessing = 0;
		};
/* End PBXResourcesBuildPhase section */

/* Begin PBXShellScriptBuildPhase section */
		831CA7EB17896BEE00DD2C93 /* ShellScript */ = {
			isa = PBXShellScriptBuildPhase;
			buildActionMask = 2147483647;
			files = (
			);
			inputPaths = (
			);
			outputPaths = (
			);
			runOnlyForDeploymentPostprocessing = 0;
			shellPath = /bin/sh;
			shellScript = "# Run the unit tests in this test bundle.\n\"${SYSTEM_DEVELOPER_DIR}/Tools/RunUnitTests\"\n";
		};
/* End PBXShellScriptBuildPhase section */

/* Begin PBXSourcesBuildPhase section */
		831CA7C617896BEE00DD2C93 /* Sources */ = {
			isa = PBXSourcesBuildPhase;
			buildActionMask = 2147483647;
			files = (
				831CA7DA17896BEE00DD2C93 /* main.m in Sources */,
				831CA7E117896BEE00DD2C93 /* JKDocument.m in Sources */,
			);
			runOnlyForDeploymentPostprocessing = 0;
		};
		831CA7E817896BEE00DD2C93 /* Sources */ = {
			isa = PBXSourcesBuildPhase;
			buildActionMask = 2147483647;
			files = (
				831CA7FB17896BEE00DD2C93 /* TestSampleTests.m in Sources */,
			);
			runOnlyForDeploymentPostprocessing = 0;
		};
/* End PBXSourcesBuildPhase section */

/* Begin PBXTargetDependency section */
		831CA7F217896BEE00DD2C93 /* PBXTargetDependency */ = {
			isa = PBXTargetDependency;
			target = 831CA7C917896BEE00DD2C93 /* TestSample */;
			targetProxy = 831CA7F117896BEE00DD2C93 /* PBXContainerItemProxy */;
		};
/* End PBXTargetDependency section */

/* Begin PBXVariantGroup section */
		831CA7D617896BEE00DD2C93 /* InfoPlist.strings */ = {
			isa = PBXVariantGroup;
			children = (
				831CA7D717896BEE00DD2C93 /* en */,
			);
			name = InfoPlist.strings;
			sourceTree = "<group>";
		};
		831CA7DC17896BEE00DD2C93 /* Credits.rtf */ = {
			isa = PBXVariantGroup;
			children = (
				831CA7DD17896BEE00DD2C93 /* en */,
			);
			name = Credits.rtf;
			sourceTree = "<group>";
		};
		831CA7E217896BEE00DD2C93 /* JKDocument.xib */ = {
			isa = PBXVariantGroup;
			children = (
				831CA7E317896BEE00DD2C93 /* en */,
			);
			name = JKDocument.xib;
			sourceTree = "<group>";
		};
		831CA7E517896BEE00DD2C93 /* MainMenu.xib */ = {
			isa = PBXVariantGroup;
			children = (
				831CA7E617896BEE00DD2C93 /* en */,
			);
			name = MainMenu.xib;
			sourceTree = "<group>";
		};
		831CA7F617896BEE00DD2C93 /* InfoPlist.strings */ = {
			isa = PBXVariantGroup;
			children = (
				831CA7F717896BEE00DD2C93 /* en */,
			);
			name = InfoPlist.strings;
			sourceTree = "<group>";
		};
/* End PBXVariantGroup section */

/* Begin XCBuildConfiguration section */
		831CA7FC17896BEE00DD2C93 /* Debug */ = {
			isa = XCBuildConfiguration;
			buildSettings = {
				ALWAYS_SEARCH_USER_PATHS = NO;
				ARCHS = "$(ARCHS_STANDARD_64_BIT)";
				CLANG_CXX_LANGUAGE_STANDARD = "gnu++0x";
				CLANG_CXX_LIBRARY = "libc++";
				CLANG_ENABLE_OBJC_ARC = YES;
				CLANG_WARN_CONSTANT_CONVERSION = YES;
				CLANG_WARN_EMPTY_BODY = YES;
				CLANG_WARN_ENUM_CONVERSION = YES;
				CLANG_WARN_INT_CONVERSION = YES;
				CLANG_WARN__DUPLICATE_METHOD_MATCH = YES;
				COPY_PHASE_STRIP = NO;
				GCC_C_LANGUAGE_STANDARD = gnu99;
				GCC_DYNAMIC_NO_PIC = NO;
				GCC_ENABLE_OBJC_EXCEPTIONS = YES;
				GCC_OPTIMIZATION_LEVEL = 0;
				GCC_PREPROCESSOR_DEFINITIONS = (
					"DEBUG=1",
					"$(inherited)",
				);
				GCC_SYMBOLS_PRIVATE_EXTERN = NO;
				GCC_WARN_64_TO_32_BIT_CONVERSION = YES;
				GCC_WARN_ABOUT_RETURN_TYPE = YES;
				GCC_WARN_UNINITIALIZED_AUTOS = YES;
				GCC_WARN_UNUSED_VARIABLE = YES;
				MACOSX_DEPLOYMENT_TARGET = 10.8;
				ONLY_ACTIVE_ARCH = YES;
				SDKROOT = macosx;
			};
			name = Debug;
		};
		831CA7FD17896BEE00DD2C93 /* Release */ = {
			isa = XCBuildConfiguration;
			buildSettings = {
				ALWAYS_SEARCH_USER_PATHS = NO;
				ARCHS = "$(ARCHS_STANDARD_64_BIT)";
				CLANG_CXX_LANGUAGE_STANDARD = "gnu++0x";
				CLANG_CXX_LIBRARY = "libc++";
				CLANG_ENABLE_OBJC_ARC = YES;
				CLANG_WARN_CONSTANT_CONVERSION = YES;
				CLANG_WARN_EMPTY_BODY = YES;
				CLANG_WARN_ENUM_CONVERSION = YES;
				CLANG_WARN_INT_CONVERSION = YES;
				CLANG_WARN__DUPLICATE_METHOD_MATCH = YES;
				COPY_PHASE_STRIP = YES;
				DEBUG_INFORMATION_FORMAT = "dwarf-with-dsym";
				GCC_C_LANGUAGE_STANDARD = gnu99;
				GCC_ENABLE_OBJC_EXCEPTIONS = YES;
				GCC_WARN_64_TO_32_BIT_CONVERSION = YES;
				GCC_WARN_ABOUT_RETURN_TYPE = YES;
				GCC_WARN_UNINITIALIZED_AUTOS = YES;
				GCC_WARN_UNUSED_VARIABLE = YES;
				MACOSX_DEPLOYMENT_TARGET = 10.8;
				SDKROOT = macosx;
			};
			name = Release;
		};
		831CA7FF17896BEE00DD2C93 /* Debug */ = {
			isa = XCBuildConfiguration;
			buildSettings = {
				COMBINE_HIDPI_IMAGES = YES;
				GCC_PRECOMPILE_PREFIX_HEADER = YES;
				GCC_PREFIX_HEADER = "TestSample/TestSample-Prefix.pch";
				INFOPLIST_FILE = "TestSample/TestSample-Info.plist";
				PRODUCT_NAME = "$(TARGET_NAME)";
				WRAPPER_EXTENSION = app;
			};
			name = Debug;
		};
		831CA80017896BEE00DD2C93 /* Release */ = {
			isa = XCBuildConfiguration;
			buildSettings = {
				COMBINE_HIDPI_IMAGES = YES;
				GCC_PRECOMPILE_PREFIX_HEADER = YES;
				GCC_PREFIX_HEADER = "TestSample/TestSample-Prefix.pch";
				INFOPLIST_FILE = "TestSample/TestSample-Info.plist";
				PRODUCT_NAME = "$(TARGET_NAME)";
				WRAPPER_EXTENSION = app;
			};
			name = Release;
		};
		831CA80217896BEE00DD2C93 /* Debug */ = {
			isa = XCBuildConfiguration;
			buildSettings = {
				BUNDLE_LOADER = "$(BUILT_PRODUCTS_DIR)/TestSample.app/Contents/MacOS/TestSample";
				COMBINE_HIDPI_IMAGES = YES;
				FRAMEWORK_SEARCH_PATHS = "\"$(DEVELOPER_LIBRARY_DIR)/Frameworks\"";
				GCC_PRECOMPILE_PREFIX_HEADER = YES;
				GCC_PREFIX_HEADER = "TestSample/TestSample-Prefix.pch";
				INFOPLIST_FILE = "TestSampleTests/TestSampleTests-Info.plist";
				PRODUCT_NAME = "$(TARGET_NAME)";
				TEST_HOST = "$(BUNDLE_LOADER)";
				WRAPPER_EXTENSION = octest;
			};
			name = Debug;
		};
		831CA80317896BEE00DD2C93 /* Release */ = {
			isa = XCBuildConfiguration;
			buildSettings = {
				BUNDLE_LOADER = "$(BUILT_PRODUCTS_DIR)/TestSample.app/Contents/MacOS/TestSample";
				COMBINE_HIDPI_IMAGES = YES;
				FRAMEWORK_SEARCH_PATHS = "\"$(DEVELOPER_LIBRARY_DIR)/Frameworks\"";
				GCC_PRECOMPILE_PREFIX_HEADER = YES;
				GCC_PREFIX_HEADER = "TestSample/TestSample-Prefix.pch";
				INFOPLIST_FILE = "TestSampleTests/TestSampleTests-Info.plist";
				PRODUCT_NAME = "$(TARGET_NAME)";
				TEST_HOST = "$(BUNDLE_LOADER)";
				WRAPPER_EXTENSION = octest;
			};
			name = Release;
		};
/* End XCBuildConfiguration section */

/* Begin XCConfigurationList section */
		831CA7C517896BEE00DD2C93 /* Build configuration list for PBXProject "TestSample" */ = {
			isa = XCConfigurationList;
			buildConfigurations = (
				831CA7FC17896BEE00DD2C93 /* Debug */,
				831CA7FD17896BEE00DD2C93 /* Release */,
			);
			defaultConfigurationIsVisible = 0;
			defaultConfigurationName = Release;
		};
		831CA7FE17896BEE00DD2C93 /* Build configuration list for PBXNativeTarget "TestSample" */ = {
			isa = XCConfigurationList;
			buildConfigurations = (
				831CA7FF17896BEE00DD2C93 /* Debug */,
				831CA80017896BEE00DD2C93 /* Release */,
			);
			defaultConfigurationIsVisible = 0;
		};
		831CA80117896BEE00DD2C93 /* Build configuration list for PBXNativeTarget "TestSampleTests" */ = {
			isa = XCConfigurationList;
			buildConfigurations = (
				831CA80217896BEE00DD2C93 /* Debug */,
				831CA80317896BEE00DD2C93 /* Release */,
			);
			defaultConfigurationIsVisible = 0;
		};
/* End XCConfigurationList section */
	};
	rootObject = 831CA7C217896BEE00DD2C93 /* Project object */;
}
